
Microsoft Visual Studio Solution File, Format Version 12.00
# Visual Studio Version 16
VisualStudioVersion = 16.0.32002.261
MinimumVisualStudioVersion = 10.0.40219.1
Project("{9A19103F-16F7-4668-BE54-9A1E7A4F7556}") = "Business", "Business\Business.csproj", "{FF50928B-10A8-4CCB-B205-C2227E60B2D3}"
EndProject
Project("{9A19103F-16F7-4668-BE54-9A1E7A4F7556}") = "DataAccess", "DataAccess\DataAccess.csproj", "{1BAFD63C-E29B-4F06-A0BA-5925715D9243}"
EndProject
Project("{9A19103F-16F7-4668-BE54-9A1E7A4F7556}") = "Entities", "Entities\Entities.csproj", "{1E98D7B3-5304-44DF-A6B7-7910F2830BBC}"
EndProject
Project("{9A19103F-16F7-4668-BE54-9A1E7A4F7556}") = "ConsoleUI", "ConsoleUI\ConsoleUI.csproj", "{1B99D47F-8DCC-47EB-BF73-E26C658E8E76}"
EndProject
Project("{9A19103F-16F7-4668-BE54-9A1E7A4F7556}") = "Core", "Core\Core.csproj", "{93435A99-3EB1-46D9-BBA2-52F2C500A600}"
EndProject
Project("{FAE04EC0-301F-11D3-BF4B-00C04F79EFBC}") = "WebAPI", "WebAPI\WebAPI.csproj", "{2685E5CB-938D-4597-A052-AC764CCC631B}"
EndProject
Global
	GlobalSection(SolutionConfigurationPlatforms) = preSolution
		Debug|Any CPU = Debug|Any CPU
		Release|Any CPU = Release|Any CPU
	EndGlobalSection
	GlobalSection(ProjectConfigurationPlatforms) = postSolution
		{FF50928B-10A8-4CCB-B205-C2227E60B2D3}.Debug|Any CPU.ActiveCfg = Debug|Any CPU
		{FF50928B-10A8-4CCB-B205-C2227E60B2D3}.Debug|Any CPU.Build.0 = Debug|Any CPU
		{FF50928B-10A8-4CCB-B205-C2227E60B2D3}.Release|Any CPU.ActiveCfg = Release|Any CPU
		{FF50928B-10A8-4CCB-B205-C2227E60B2D3}.Release|Any CPU.Build.0 = Release|Any CPU
		{1BAFD63C-E29B-4F06-A0BA-5925715D9243}.Debug|Any CPU.ActiveCfg = Debug|Any CPU
		{1BAFD63C-E29B-4F06-A0BA-5925715D9243}.Debug|Any CPU.Build.0 = Debug|Any CPU
		{1BAFD63C-E29B-4F06-A0BA-5925715D9243}.Release|Any CPU.ActiveCfg = Release|Any CPU
		{1BAFD63C-E29B-4F06-A0BA-5925715D9243}.Release|Any CPU.Build.0 = Release|Any CPU
		{1E98D7B3-5304-44DF-A6B7-7910F2830BBC}.Debug|Any CPU.ActiveCfg = Debug|Any CPU
		{1E98D7B3-5304-44DF-A6B7-7910F2830BBC}.Debug|Any CPU.Build.0 = Debug|Any CPU
		{1E98D7B3-5304-44DF-A6B7-7910F2830BBC}.Release|Any CPU.ActiveCfg = Release|Any CPU
		{1E98D7B3-5304-44DF-A6B7-7910F2830BBC}.Release|Any CPU.Build.0 = Release|Any CPU
		{1B99D47F-8DCC-47EB-BF73-E26C658E8E76}.Debug|Any CPU.ActiveCfg = Debug|Any CPU
		{1B99D47F-8DCC-47EB-BF73-E26C658E8E76}.Debug|Any CPU.Build.0 = Debug|Any CPU
		{1B99D47F-8DCC-47EB-BF73-E26C658E8E76}.Release|Any CPU.ActiveCfg = Release|Any CPU
		{1B99D47F-8DCC-47EB-BF73-E26C658E8E76}.Release|Any CPU.Build.0 = Release|Any CPU
		{93435A99-3EB1-46D9-BBA2-52F2C500A600}.Debug|Any CPU.ActiveCfg = Debug|Any CPU
		{93435A99-3EB1-46D9-BBA2-52F2C500A600}.Debug|Any CPU.Build.0 = Debug|Any CPU
		{93435A99-3EB1-46D9-BBA2-52F2C500A600}.Release|Any CPU.ActiveCfg = Release|Any CPU
		{93435A99-3EB1-46D9-BBA2-52F2C500A600}.Release|Any CPU.Build.0 = Release|Any CPU
		{2685E5CB-938D-4597-A052-AC764CCC631B}.Debug|Any CPU.ActiveCfg = Debug|Any CPU
		{2685E5CB-938D-4597-A052-AC764CCC631B}.Debug|Any CPU.Build.0 = Debug|Any CPU
		{2685E5CB-938D-4597-A052-AC764CCC631B}.Release|Any CPU.ActiveCfg = Release|Any CPU
		{2685E5CB-938D-4597-A052-AC764CCC631B}.Release|Any CPU.Build.0 = Release|Any CPU
	EndGlobalSection
	GlobalSection(SolutionProperties) = preSolution
		HideSolutionNode = FALSE
	EndGlobalSection
	GlobalSection(ExtensibilityGlobals) = postSolution
		SolutionGuid = {7ECD1C0B-AA2D-491F-86C6-C88E8E5742B8}
	EndGlobalSection
EndGlobal
